
Microsoft Visual Studio Solution File, Format Version 12.00
# Visual Studio Version 17
VisualStudioVersion = 17.1.32210.238
MinimumVisualStudioVersion = 10.0.40219.1
Project("{FAE04EC0-301F-11D3-BF4B-00C04F79EFBC}") = "RazerPageMovie", "RazerPageMovie.csproj", "{EA714A23-5AE3-4751-9A9C-2CD85C15DC1B}"
EndProject
Global
	GlobalSection(SolutionConfigurationPlatforms) = preSolution
		Debug|Any CPU = Debug|Any CPU
		Release|Any CPU = Release|Any CPU
	EndGlobalSection
	GlobalSection(ProjectConfigurationPlatforms) = postSolution
		{EA714A23-5AE3-4751-9A9C-2CD85C15DC1B}.Debug|Any CPU.ActiveCfg = Debug|Any CPU
		{EA714A23-5AE3-4751-9A9C-2CD85C15DC1B}.Debug|Any CPU.Build.0 = Debug|Any CPU
		{EA714A23-5AE3-4751-9A9C-2CD85C15DC1B}.Release|Any CPU.ActiveCfg = Release|Any CPU
		{EA714A23-5AE3-4751-9A9C-2CD85C15DC1B}.Release|Any CPU.Build.0 = Release|Any CPU
	EndGlobalSection
	GlobalSection(SolutionProperties) = preSolution
		HideSolutionNode = FALSE
	EndGlobalSection
	GlobalSection(ExtensibilityGlobals) = postSolution
		SolutionGuid = {C20A695A-3D7C-468A-8BB9-2C74D71335FF}
	EndGlobalSection
EndGlobal
